
Microsoft Visual Studio Solution File, Format Version 12.00
# Visual Studio Version 16
VisualStudioVersion = 16.0.29509.3
MinimumVisualStudioVersion = 10.0.40219.1
Project("{FAE04EC0-301F-11D3-BF4B-00C04F79EFBC}") = "MailClient", "MailClient\MailClient.csproj", "{171D3A73-F095-4F72-BA07-B71D73C6DD19}"
EndProject
Global
	GlobalSection(SolutionConfigurationPlatforms) = preSolution
		Debug|Any CPU = Debug|Any CPU
		Release|Any CPU = Release|Any CPU
	EndGlobalSection
	GlobalSection(ProjectConfigurationPlatforms) = postSolution
		{171D3A73-F095-4F72-BA07-B71D73C6DD19}.Debug|Any CPU.ActiveCfg = Debug|Any CPU
		{171D3A73-F095-4F72-BA07-B71D73C6DD19}.Debug|Any CPU.Build.0 = Debug|Any CPU
		{171D3A73-F095-4F72-BA07-B71D73C6DD19}.Release|Any CPU.ActiveCfg = Release|Any CPU
		{171D3A73-F095-4F72-BA07-B71D73C6DD19}.Release|Any CPU.Build.0 = Release|Any CPU
	EndGlobalSection
	GlobalSection(SolutionProperties) = preSolution
		HideSolutionNode = FALSE
	EndGlobalSection
	GlobalSection(ExtensibilityGlobals) = postSolution
		SolutionGuid = {31386A10-8ABB-4AE9-B29E-DD6ECD94870B}
	EndGlobalSection
EndGlobal
